// !$*UTF8*$!
{
	archiveVersion = 1;
	classes = {
	};
	objectVersion = 50;
	objects = {

/* Begin PBXBuildFile section */
		661C51BD25D3410C00D47C56 /* main.c in Sources */ = {isa = PBXBuildFile; fileRef = 661C51BC25D3410C00D47C56 /* main.c */; };
		661C51CD25D3412000D47C56 /* lettura.c in Sources */ = {isa = PBXBuildFile; fileRef = 661C51C525D3411F00D47C56 /* lettura.c */; };
		661C51CE25D3412000D47C56 /* element.c in Sources */ = {isa = PBXBuildFile; fileRef = 661C51C625D3411F00D47C56 /* element.c */; };
		661C51CF25D3412000D47C56 /* list.c in Sources */ = {isa = PBXBuildFile; fileRef = 661C51CB25D3411F00D47C56 /* list.c */; };
		661C51D325D3421C00D47C56 /* clienti.c in Sources */ = {isa = PBXBuildFile; fileRef = 661C51D225D3421C00D47C56 /* clienti.c */; };
/* End PBXBuildFile section */

/* Begin PBXCopyFilesBuildPhase section */
		661C51B725D3410C00D47C56 /* CopyFiles */ = {
			isa = PBXCopyFilesBuildPhase;
			buildActionMask = 2147483647;
			dstPath = /usr/share/man/man1/;
			dstSubfolderSpec = 0;
			files = (
			);
			runOnlyForDeploymentPostprocessing = 1;
		};
/* End PBXCopyFilesBuildPhase section */

/* Begin PBXFileReference section */
		661C51B925D3410C00D47C56 /* Prova d’Esame 1A di Giovedì 14 Gennaio 2016 */ = {isa = PBXFileReference; explicitFileType = "compiled.mach-o.executable"; includeInIndex = 0; path = "Prova d’Esame 1A di Giovedì 14 Gennaio 2016"; sourceTree = BUILT_PRODUCTS_DIR; };
		661C51BC25D3410C00D47C56 /* main.c */ = {isa = PBXFileReference; lastKnownFileType = sourcecode.c.c; path = main.c; sourceTree = "<group>"; };
		661C51C525D3411F00D47C56 /* lettura.c */ = {isa = PBXFileReference; fileEncoding = 4; lastKnownFileType = sourcecode.c.c; name = lettura.c; path = "../../../../librerie esame informatica/lettura.c"; sourceTree = "<group>"; };
		661C51C625D3411F00D47C56 /* element.c */ = {isa = PBXFileReference; fileEncoding = 4; lastKnownFileType = sourcecode.c.c; name = element.c; path = "../../../../librerie esame informatica/element.c"; sourceTree = "<group>"; };
		661C51C725D3411F00D47C56 /* element.h */ = {isa = PBXFileReference; fileEncoding = 4; lastKnownFileType = sourcecode.c.h; name = element.h; path = "../../../../librerie esame informatica/element.h"; sourceTree = "<group>"; };
		661C51C825D3411F00D47C56 /* lettura.h */ = {isa = PBXFileReference; fileEncoding = 4; lastKnownFileType = sourcecode.c.h; name = lettura.h; path = "../../../../librerie esame informatica/lettura.h"; sourceTree = "<group>"; };
		661C51C925D3411F00D47C56 /* list.h */ = {isa = PBXFileReference; fileEncoding = 4; lastKnownFileType = sourcecode.c.h; name = list.h; path = "../../../../librerie esame informatica/list.h"; sourceTree = "<group>"; };
		661C51CB25D3411F00D47C56 /* list.c */ = {isa = PBXFileReference; fileEncoding = 4; lastKnownFileType = sourcecode.c.c; name = list.c; path = "../../../../librerie esame informatica/list.c"; sourceTree = "<group>"; };
		661C51D125D3421C00D47C56 /* clienti.h */ = {isa = PBXFileReference; lastKnownFileType = sourcecode.c.h; path = clienti.h; sourceTree = "<group>"; };
		661C51D225D3421C00D47C56 /* clienti.c */ = {isa = PBXFileReference; lastKnownFileType = sourcecode.c.c; path = clienti.c; sourceTree = "<group>"; };
/* End PBXFileReference section */

/* Begin PBXFrameworksBuildPhase section */
		661C51B625D3410C00D47C56 /* Frameworks */ = {
			isa = PBXFrameworksBuildPhase;
			buildActionMask = 2147483647;
			files = (
			);
			runOnlyForDeploymentPostprocessing = 0;
		};
/* End PBXFrameworksBuildPhase section */

/* Begin PBXGroup section */
		661C51B025D3410C00D47C56 = {
			isa = PBXGroup;
			children = (
				661C51BB25D3410C00D47C56 /* Prova d’Esame 1A di Giovedì 14 Gennaio 2016 */,
				661C51BA25D3410C00D47C56 /* Products */,
			);
			sourceTree = "<group>";
		};
		661C51BA25D3410C00D47C56 /* Products */ = {
			isa = PBXGroup;
			children = (
				661C51B925D3410C00D47C56 /* Prova d’Esame 1A di Giovedì 14 Gennaio 2016 */,
			);
			name = Products;
			sourceTree = "<group>";
		};
		661C51BB25D3410C00D47C56 /* Prova d’Esame 1A di Giovedì 14 Gennaio 2016 */ = {
			isa = PBXGroup;
			children = (
				661C51BC25D3410C00D47C56 /* main.c */,
				661C51D225D3421C00D47C56 /* clienti.c */,
				661C51D125D3421C00D47C56 /* clienti.h */,
				661C51C625D3411F00D47C56 /* element.c */,
				661C51C725D3411F00D47C56 /* element.h */,
				661C51C525D3411F00D47C56 /* lettura.c */,
				661C51C825D3411F00D47C56 /* lettura.h */,
				661C51CB25D3411F00D47C56 /* list.c */,
				661C51C925D3411F00D47C56 /* list.h */,
			);
			path = "Prova d’Esame 1A di Giovedì 14 Gennaio 2016";
			sourceTree = "<group>";
		};
/* End PBXGroup section */

/* Begin PBXNativeTarget section */
		661C51B825D3410C00D47C56 /* Prova d’Esame 1A di Giovedì 14 Gennaio 2016 */ = {
			isa = PBXNativeTarget;
			buildConfigurationList = 661C51C025D3410C00D47C56 /* Build configuration list for PBXNativeTarget "Prova d’Esame 1A di Giovedì 14 Gennaio 2016" */;
			buildPhases = (
				661C51B525D3410C00D47C56 /* Sources */,
				661C51B625D3410C00D47C56 /* Frameworks */,
				661C51B725D3410C00D47C56 /* CopyFiles */,
			);
			buildRules = (
			);
			dependencies = (
			);
			name = "Prova d’Esame 1A di Giovedì 14 Gennaio 2016";
			productName = "Prova d’Esame 1A di Giovedì 14 Gennaio 2016";
			productReference = 661C51B925D3410C00D47C56 /* Prova d’Esame 1A di Giovedì 14 Gennaio 2016 */;
			productType = "com.apple.product-type.tool";
		};
/* End PBXNativeTarget section */

/* Begin PBXProject section */
		661C51B125D3410C00D47C56 /* Project object */ = {
			isa = PBXProject;
			attributes = {
				LastUpgradeCheck = 1240;
				TargetAttributes = {
					661C51B825D3410C00D47C56 = {
						CreatedOnToolsVersion = 12.4;
					};
				};
			};
			buildConfigurationList = 661C51B425D3410C00D47C56 /* Build configuration list for PBXProject "Prova d’Esame 1A di Giovedì 14 Gennaio 2016" */;
			compatibilityVersion = "Xcode 9.3";
			developmentRegion = en;
			hasScannedForEncodings = 0;
			knownRegions = (
				en,
				Base,
			);
			mainGroup = 661C51B025D3410C00D47C56;
			productRefGroup = 661C51BA25D3410C00D47C56 /* Products */;
			projectDirPath = "";
			projectRoot = "";
			targets = (
				661C51B825D3410C00D47C56 /* Prova d’Esame 1A di Giovedì 14 Gennaio 2016 */,
			);
		};
/* End PBXProject section */

/* Begin PBXSourcesBuildPhase section */
		661C51B525D3410C00D47C56 /* Sources */ = {
			isa = PBXSourcesBuildPhase;
			buildActionMask = 2147483647;
			files = (
				661C51D325D3421C00D47C56 /* clienti.c in Sources */,
				661C51CF25D3412000D47C56 /* list.c in Sources */,
				661C51CE25D3412000D47C56 /* element.c in Sources */,
				661C51BD25D3410C00D47C56 /* main.c in Sources */,
				661C51CD25D3412000D47C56 /* lettura.c in Sources */,
			);
			runOnlyForDeploymentPostprocessing = 0;
		};
/* End PBXSourcesBuildPhase section */

/* Begin XCBuildConfiguration section */
		661C51BE25D3410C00D47C56 /* Debug */ = {
			isa = XCBuildConfiguration;
			buildSettings = {
				ALWAYS_SEARCH_USER_PATHS = NO;
				CLANG_ANALYZER_NONNULL = YES;
				CLANG_ANALYZER_NUMBER_OBJECT_CONVERSION = YES_AGGRESSIVE;
				CLANG_CXX_LANGUAGE_STANDARD = "gnu++14";
				CLANG_CXX_LIBRARY = "libc++";
				CLANG_ENABLE_MODULES = YES;
				CLANG_ENABLE_OBJC_ARC = YES;
				CLANG_ENABLE_OBJC_WEAK = YES;
				CLANG_WARN_BLOCK_CAPTURE_AUTORELEASING = YES;
				CLANG_WARN_BOOL_CONVERSION = YES;
				CLANG_WARN_COMMA = YES;
				CLANG_WARN_CONSTANT_CONVERSION = YES;
				CLANG_WARN_DEPRECATED_OBJC_IMPLEMENTATIONS = YES;
				CLANG_WARN_DIRECT_OBJC_ISA_USAGE = YES_ERROR;
				CLANG_WARN_DOCUMENTATION_COMMENTS = YES;
				CLANG_WARN_EMPTY_BODY = YES;
				CLANG_WARN_ENUM_CONVERSION = YES;
				CLANG_WARN_INFINITE_RECURSION = YES;
				CLANG_WARN_INT_CONVERSION = YES;
				CLANG_WARN_NON_LITERAL_NULL_CONVERSION = YES;
				CLANG_WARN_OBJC_IMPLICIT_RETAIN_SELF = YES;
				CLANG_WARN_OBJC_LITERAL_CONVERSION = YES;
				CLANG_WARN_OBJC_ROOT_CLASS = YES_ERROR;
				CLANG_WARN_QUOTED_INCLUDE_IN_FRAMEWORK_HEADER = YES;
				CLANG_WARN_RANGE_LOOP_ANALYSIS = YES;
				CLANG_WARN_STRICT_PROTOTYPES = YES;
				CLANG_WARN_SUSPICIOUS_MOVE = YES;
				CLANG_WARN_UNGUARDED_AVAILABILITY = YES_AGGRESSIVE;
				CLANG_WARN_UNREACHABLE_CODE = YES;
				CLANG_WARN__DUPLICATE_METHOD_MATCH = YES;
				COPY_PHASE_STRIP = NO;
				DEBUG_INFORMATION_FORMAT = dwarf;
				ENABLE_STRICT_OBJC_MSGSEND = YES;
				ENABLE_TESTABILITY = YES;
				GCC_C_LANGUAGE_STANDARD = gnu11;
				GCC_DYNAMIC_NO_PIC = NO;
				GCC_NO_COMMON_BLOCKS = YES;
				GCC_OPTIMIZATION_LEVEL = 0;
				GCC_PREPROCESSOR_DEFINITIONS = (
					"DEBUG=1",
					"$(inherited)",
				);
				GCC_WARN_64_TO_32_BIT_CONVERSION = YES;
				GCC_WARN_ABOUT_RETURN_TYPE = YES_ERROR;
				GCC_WARN_UNDECLARED_SELECTOR = YES;
				GCC_WARN_UNINITIALIZED_AUTOS = YES_AGGRESSIVE;
				GCC_WARN_UNUSED_FUNCTION = YES;
				GCC_WARN_UNUSED_VARIABLE = YES;
				MACOSX_DEPLOYMENT_TARGET = 11.1;
				MTL_ENABLE_DEBUG_INFO = INCLUDE_SOURCE;
				MTL_FAST_MATH = YES;
				ONLY_ACTIVE_ARCH = YES;
				SDKROOT = macosx;
			};
			name = Debug;
		};
		661C51BF25D3410C00D47C56 /* Release */ = {
			isa = XCBuildConfiguration;
			buildSettings = {
				ALWAYS_SEARCH_USER_PATHS = NO;
				CLANG_ANALYZER_NONNULL = YES;
				CLANG_ANALYZER_NUMBER_OBJECT_CONVERSION = YES_AGGRESSIVE;
				CLANG_CXX_LANGUAGE_STANDARD = "gnu++14";
				CLANG_CXX_LIBRARY = "libc++";
				CLANG_ENABLE_MODULES = YES;
				CLANG_ENABLE_OBJC_ARC = YES;
				CLANG_ENABLE_OBJC_WEAK = YES;
				CLANG_WARN_BLOCK_CAPTURE_AUTORELEASING = YES;
				CLANG_WARN_BOOL_CONVERSION = YES;
				CLANG_WARN_COMMA = YES;
				CLANG_WARN_CONSTANT_CONVERSION = YES;
				CLANG_WARN_DEPRECATED_OBJC_IMPLEMENTATIONS = YES;
				CLANG_WARN_DIRECT_OBJC_ISA_USAGE = YES_ERROR;
				CLANG_WARN_DOCUMENTATION_COMMENTS = YES;
				CLANG_WARN_EMPTY_BODY = YES;
				CLANG_WARN_ENUM_CONVERSION = YES;
				CLANG_WARN_INFINITE_RECURSION = YES;
				CLANG_WARN_INT_CONVERSION = YES;
				CLANG_WARN_NON_LITERAL_NULL_CONVERSION = YES;
				CLANG_WARN_OBJC_IMPLICIT_RETAIN_SELF = YES;
				CLANG_WARN_OBJC_LITERAL_CONVERSION = YES;
				CLANG_WARN_OBJC_ROOT_CLASS = YES_ERROR;
				CLANG_WARN_QUOTED_INCLUDE_IN_FRAMEWORK_HEADER = YES;
				CLANG_WARN_RANGE_LOOP_ANALYSIS = YES;
				CLANG_WARN_STRICT_PROTOTYPES = YES;
				CLANG_WARN_SUSPICIOUS_MOVE = YES;
				CLANG_WARN_UNGUARDED_AVAILABILITY = YES_AGGRESSIVE;
				CLANG_WARN_UNREACHABLE_CODE = YES;
				CLANG_WARN__DUPLICATE_METHOD_MATCH = YES;
				COPY_PHASE_STRIP = NO;
				DEBUG_INFORMATION_FORMAT = "dwarf-with-dsym";
				ENABLE_NS_ASSERTIONS = NO;
				ENABLE_STRICT_OBJC_MSGSEND = YES;
				GCC_C_LANGUAGE_STANDARD = gnu11;
				GCC_NO_COMMON_BLOCKS = YES;
				GCC_WARN_64_TO_32_BIT_CONVERSION = YES;
				GCC_WARN_ABOUT_RETURN_TYPE = YES_ERROR;
				GCC_WARN_UNDECLARED_SELECTOR = YES;
				GCC_WARN_UNINITIALIZED_AUTOS = YES_AGGRESSIVE;
				GCC_WARN_UNUSED_FUNCTION = YES;
				GCC_WARN_UNUSED_VARIABLE = YES;
				MACOSX_DEPLOYMENT_TARGET = 11.1;
				MTL_ENABLE_DEBUG_INFO = NO;
				MTL_FAST_MATH = YES;
				SDKROOT = macosx;
			};
			name = Release;
		};
		661C51C125D3410C00D47C56 /* Debug */ = {
			isa = XCBuildConfiguration;
			buildSettings = {
				CODE_SIGN_STYLE = Automatic;
				PRODUCT_NAME = "$(TARGET_NAME)";
			};
			name = Debug;
		};
		661C51C225D3410C00D47C56 /* Release */ = {
			isa = XCBuildConfiguration;
			buildSettings = {
				CODE_SIGN_STYLE = Automatic;
				PRODUCT_NAME = "$(TARGET_NAME)";
			};
			name = Release;
		};
/* End XCBuildConfiguration section */

/* Begin XCConfigurationList section */
		661C51B425D3410C00D47C56 /* Build configuration list for PBXProject "Prova d’Esame 1A di Giovedì 14 Gennaio 2016" */ = {
			isa = XCConfigurationList;
			buildConfigurations = (
				661C51BE25D3410C00D47C56 /* Debug */,
				661C51BF25D3410C00D47C56 /* Release */,
			);
			defaultConfigurationIsVisible = 0;
			defaultConfigurationName = Release;
		};
		661C51C025D3410C00D47C56 /* Build configuration list for PBXNativeTarget "Prova d’Esame 1A di Giovedì 14 Gennaio 2016" */ = {
			isa = XCConfigurationList;
			buildConfigurations = (
				661C51C125D3410C00D47C56 /* Debug */,
				661C51C225D3410C00D47C56 /* Release */,
			);
			defaultConfigurationIsVisible = 0;
			defaultConfigurationName = Release;
		};
/* End XCConfigurationList section */
	};
	rootObject = 661C51B125D3410C00D47C56 /* Project object */;
}
