// !$*UTF8*$!
{
	archiveVersion = 1;
	classes = {
	};
	objectVersion = 50;
	objects = {

/* Begin PBXBuildFile section */
		6639D26D25C6FDFD00FF8269 /* main.c in Sources */ = {isa = PBXBuildFile; fileRef = 6639D26C25C6FDFD00FF8269 /* main.c */; };
		6639D27C25C719CC00FF8269 /* list.c in Sources */ = {isa = PBXBuildFile; fileRef = 6639D27425C719CC00FF8269 /* list.c */; };
		6639D27E25C719CC00FF8269 /* element.c in Sources */ = {isa = PBXBuildFile; fileRef = 6639D27925C719CC00FF8269 /* element.c */; };
		6639D27F25C719CC00FF8269 /* lettura.c in Sources */ = {isa = PBXBuildFile; fileRef = 6639D27B25C719CC00FF8269 /* lettura.c */; };
		6639D28425C71B0100FF8269 /* metro.c in Sources */ = {isa = PBXBuildFile; fileRef = 6639D28325C71B0100FF8269 /* metro.c */; };
/* End PBXBuildFile section */

/* Begin PBXCopyFilesBuildPhase section */
		6639D26725C6FDFD00FF8269 /* CopyFiles */ = {
			isa = PBXCopyFilesBuildPhase;
			buildActionMask = 2147483647;
			dstPath = /usr/share/man/man1/;
			dstSubfolderSpec = 0;
			files = (
			);
			runOnlyForDeploymentPostprocessing = 1;
		};
/* End PBXCopyFilesBuildPhase section */

/* Begin PBXFileReference section */
		6639D26925C6FDFD00FF8269 /* Prova d’Esame 1A di Giovedì 10 Gennaio 2019 */ = {isa = PBXFileReference; explicitFileType = "compiled.mach-o.executable"; includeInIndex = 0; path = "Prova d’Esame 1A di Giovedì 10 Gennaio 2019"; sourceTree = BUILT_PRODUCTS_DIR; };
		6639D26C25C6FDFD00FF8269 /* main.c */ = {isa = PBXFileReference; lastKnownFileType = sourcecode.c.c; path = main.c; sourceTree = "<group>"; };
		6639D27425C719CC00FF8269 /* list.c */ = {isa = PBXFileReference; fileEncoding = 4; lastKnownFileType = sourcecode.c.c; name = list.c; path = "../../../../librerie esame informatica/list.c"; sourceTree = "<group>"; };
		6639D27525C719CC00FF8269 /* lettura.h */ = {isa = PBXFileReference; fileEncoding = 4; lastKnownFileType = sourcecode.c.h; name = lettura.h; path = "../../../../librerie esame informatica/lettura.h"; sourceTree = "<group>"; };
		6639D27625C719CC00FF8269 /* list.h */ = {isa = PBXFileReference; fileEncoding = 4; lastKnownFileType = sourcecode.c.h; name = list.h; path = "../../../../librerie esame informatica/list.h"; sourceTree = "<group>"; };
		6639D27725C719CC00FF8269 /* element.h */ = {isa = PBXFileReference; fileEncoding = 4; lastKnownFileType = sourcecode.c.h; name = element.h; path = "../../../../librerie esame informatica/element.h"; sourceTree = "<group>"; };
		6639D27925C719CC00FF8269 /* element.c */ = {isa = PBXFileReference; fileEncoding = 4; lastKnownFileType = sourcecode.c.c; name = element.c; path = "../../../../librerie esame informatica/element.c"; sourceTree = "<group>"; };
		6639D27B25C719CC00FF8269 /* lettura.c */ = {isa = PBXFileReference; fileEncoding = 4; lastKnownFileType = sourcecode.c.c; name = lettura.c; path = "../../../../librerie esame informatica/lettura.c"; sourceTree = "<group>"; };
		6639D28225C71B0100FF8269 /* metro.h */ = {isa = PBXFileReference; lastKnownFileType = sourcecode.c.h; path = metro.h; sourceTree = "<group>"; };
		6639D28325C71B0100FF8269 /* metro.c */ = {isa = PBXFileReference; lastKnownFileType = sourcecode.c.c; path = metro.c; sourceTree = "<group>"; };
/* End PBXFileReference section */

/* Begin PBXFrameworksBuildPhase section */
		6639D26625C6FDFD00FF8269 /* Frameworks */ = {
			isa = PBXFrameworksBuildPhase;
			buildActionMask = 2147483647;
			files = (
			);
			runOnlyForDeploymentPostprocessing = 0;
		};
/* End PBXFrameworksBuildPhase section */

/* Begin PBXGroup section */
		6639D26025C6FDFD00FF8269 = {
			isa = PBXGroup;
			children = (
				6639D26B25C6FDFD00FF8269 /* Prova d’Esame 1A di Giovedì 10 Gennaio 2019 */,
				6639D26A25C6FDFD00FF8269 /* Products */,
			);
			sourceTree = "<group>";
		};
		6639D26A25C6FDFD00FF8269 /* Products */ = {
			isa = PBXGroup;
			children = (
				6639D26925C6FDFD00FF8269 /* Prova d’Esame 1A di Giovedì 10 Gennaio 2019 */,
			);
			name = Products;
			sourceTree = "<group>";
		};
		6639D26B25C6FDFD00FF8269 /* Prova d’Esame 1A di Giovedì 10 Gennaio 2019 */ = {
			isa = PBXGroup;
			children = (
				6639D26C25C6FDFD00FF8269 /* main.c */,
				6639D28325C71B0100FF8269 /* metro.c */,
				6639D28225C71B0100FF8269 /* metro.h */,
				6639D27725C719CC00FF8269 /* element.h */,
				6639D27B25C719CC00FF8269 /* lettura.c */,
				6639D27525C719CC00FF8269 /* lettura.h */,
				6639D27425C719CC00FF8269 /* list.c */,
				6639D27625C719CC00FF8269 /* list.h */,
				6639D27925C719CC00FF8269 /* element.c */,
			);
			path = "Prova d’Esame 1A di Giovedì 10 Gennaio 2019";
			sourceTree = "<group>";
		};
/* End PBXGroup section */

/* Begin PBXNativeTarget section */
		6639D26825C6FDFD00FF8269 /* Prova d’Esame 1A di Giovedì 10 Gennaio 2019 */ = {
			isa = PBXNativeTarget;
			buildConfigurationList = 6639D27025C6FDFD00FF8269 /* Build configuration list for PBXNativeTarget "Prova d’Esame 1A di Giovedì 10 Gennaio 2019" */;
			buildPhases = (
				6639D26525C6FDFD00FF8269 /* Sources */,
				6639D26625C6FDFD00FF8269 /* Frameworks */,
				6639D26725C6FDFD00FF8269 /* CopyFiles */,
			);
			buildRules = (
			);
			dependencies = (
			);
			name = "Prova d’Esame 1A di Giovedì 10 Gennaio 2019";
			productName = "Prova d’Esame 1A di Giovedì 10 Gennaio 2019";
			productReference = 6639D26925C6FDFD00FF8269 /* Prova d’Esame 1A di Giovedì 10 Gennaio 2019 */;
			productType = "com.apple.product-type.tool";
		};
/* End PBXNativeTarget section */

/* Begin PBXProject section */
		6639D26125C6FDFD00FF8269 /* Project object */ = {
			isa = PBXProject;
			attributes = {
				LastUpgradeCheck = 1240;
				TargetAttributes = {
					6639D26825C6FDFD00FF8269 = {
						CreatedOnToolsVersion = 12.4;
					};
				};
			};
			buildConfigurationList = 6639D26425C6FDFD00FF8269 /* Build configuration list for PBXProject "Prova d’Esame 1A di Giovedì 10 Gennaio 2019" */;
			compatibilityVersion = "Xcode 9.3";
			developmentRegion = en;
			hasScannedForEncodings = 0;
			knownRegions = (
				en,
				Base,
			);
			mainGroup = 6639D26025C6FDFD00FF8269;
			productRefGroup = 6639D26A25C6FDFD00FF8269 /* Products */;
			projectDirPath = "";
			projectRoot = "";
			targets = (
				6639D26825C6FDFD00FF8269 /* Prova d’Esame 1A di Giovedì 10 Gennaio 2019 */,
			);
		};
/* End PBXProject section */

/* Begin PBXSourcesBuildPhase section */
		6639D26525C6FDFD00FF8269 /* Sources */ = {
			isa = PBXSourcesBuildPhase;
			buildActionMask = 2147483647;
			files = (
				6639D27E25C719CC00FF8269 /* element.c in Sources */,
				6639D26D25C6FDFD00FF8269 /* main.c in Sources */,
				6639D28425C71B0100FF8269 /* metro.c in Sources */,
				6639D27C25C719CC00FF8269 /* list.c in Sources */,
				6639D27F25C719CC00FF8269 /* lettura.c in Sources */,
			);
			runOnlyForDeploymentPostprocessing = 0;
		};
/* End PBXSourcesBuildPhase section */

/* Begin XCBuildConfiguration section */
		6639D26E25C6FDFD00FF8269 /* Debug */ = {
			isa = XCBuildConfiguration;
			buildSettings = {
				ALWAYS_SEARCH_USER_PATHS = NO;
				CLANG_ANALYZER_NONNULL = YES;
				CLANG_ANALYZER_NUMBER_OBJECT_CONVERSION = YES_AGGRESSIVE;
				CLANG_CXX_LANGUAGE_STANDARD = "gnu++14";
				CLANG_CXX_LIBRARY = "libc++";
				CLANG_ENABLE_MODULES = YES;
				CLANG_ENABLE_OBJC_ARC = YES;
				CLANG_ENABLE_OBJC_WEAK = YES;
				CLANG_WARN_BLOCK_CAPTURE_AUTORELEASING = YES;
				CLANG_WARN_BOOL_CONVERSION = YES;
				CLANG_WARN_COMMA = YES;
				CLANG_WARN_CONSTANT_CONVERSION = YES;
				CLANG_WARN_DEPRECATED_OBJC_IMPLEMENTATIONS = YES;
				CLANG_WARN_DIRECT_OBJC_ISA_USAGE = YES_ERROR;
				CLANG_WARN_DOCUMENTATION_COMMENTS = YES;
				CLANG_WARN_EMPTY_BODY = YES;
				CLANG_WARN_ENUM_CONVERSION = YES;
				CLANG_WARN_INFINITE_RECURSION = YES;
				CLANG_WARN_INT_CONVERSION = YES;
				CLANG_WARN_NON_LITERAL_NULL_CONVERSION = YES;
				CLANG_WARN_OBJC_IMPLICIT_RETAIN_SELF = YES;
				CLANG_WARN_OBJC_LITERAL_CONVERSION = YES;
				CLANG_WARN_OBJC_ROOT_CLASS = YES_ERROR;
				CLANG_WARN_QUOTED_INCLUDE_IN_FRAMEWORK_HEADER = YES;
				CLANG_WARN_RANGE_LOOP_ANALYSIS = YES;
				CLANG_WARN_STRICT_PROTOTYPES = YES;
				CLANG_WARN_SUSPICIOUS_MOVE = YES;
				CLANG_WARN_UNGUARDED_AVAILABILITY = YES_AGGRESSIVE;
				CLANG_WARN_UNREACHABLE_CODE = YES;
				CLANG_WARN__DUPLICATE_METHOD_MATCH = YES;
				COPY_PHASE_STRIP = NO;
				DEBUG_INFORMATION_FORMAT = dwarf;
				ENABLE_STRICT_OBJC_MSGSEND = YES;
				ENABLE_TESTABILITY = YES;
				GCC_C_LANGUAGE_STANDARD = gnu11;
				GCC_DYNAMIC_NO_PIC = NO;
				GCC_NO_COMMON_BLOCKS = YES;
				GCC_OPTIMIZATION_LEVEL = 0;
				GCC_PREPROCESSOR_DEFINITIONS = (
					"DEBUG=1",
					"$(inherited)",
				);
				GCC_WARN_64_TO_32_BIT_CONVERSION = YES;
				GCC_WARN_ABOUT_RETURN_TYPE = YES_ERROR;
				GCC_WARN_UNDECLARED_SELECTOR = YES;
				GCC_WARN_UNINITIALIZED_AUTOS = YES_AGGRESSIVE;
				GCC_WARN_UNUSED_FUNCTION = YES;
				GCC_WARN_UNUSED_VARIABLE = YES;
				MACOSX_DEPLOYMENT_TARGET = 11.1;
				MTL_ENABLE_DEBUG_INFO = INCLUDE_SOURCE;
				MTL_FAST_MATH = YES;
				ONLY_ACTIVE_ARCH = YES;
				SDKROOT = macosx;
			};
			name = Debug;
		};
		6639D26F25C6FDFD00FF8269 /* Release */ = {
			isa = XCBuildConfiguration;
			buildSettings = {
				ALWAYS_SEARCH_USER_PATHS = NO;
				CLANG_ANALYZER_NONNULL = YES;
				CLANG_ANALYZER_NUMBER_OBJECT_CONVERSION = YES_AGGRESSIVE;
				CLANG_CXX_LANGUAGE_STANDARD = "gnu++14";
				CLANG_CXX_LIBRARY = "libc++";
				CLANG_ENABLE_MODULES = YES;
				CLANG_ENABLE_OBJC_ARC = YES;
				CLANG_ENABLE_OBJC_WEAK = YES;
				CLANG_WARN_BLOCK_CAPTURE_AUTORELEASING = YES;
				CLANG_WARN_BOOL_CONVERSION = YES;
				CLANG_WARN_COMMA = YES;
				CLANG_WARN_CONSTANT_CONVERSION = YES;
				CLANG_WARN_DEPRECATED_OBJC_IMPLEMENTATIONS = YES;
				CLANG_WARN_DIRECT_OBJC_ISA_USAGE = YES_ERROR;
				CLANG_WARN_DOCUMENTATION_COMMENTS = YES;
				CLANG_WARN_EMPTY_BODY = YES;
				CLANG_WARN_ENUM_CONVERSION = YES;
				CLANG_WARN_INFINITE_RECURSION = YES;
				CLANG_WARN_INT_CONVERSION = YES;
				CLANG_WARN_NON_LITERAL_NULL_CONVERSION = YES;
				CLANG_WARN_OBJC_IMPLICIT_RETAIN_SELF = YES;
				CLANG_WARN_OBJC_LITERAL_CONVERSION = YES;
				CLANG_WARN_OBJC_ROOT_CLASS = YES_ERROR;
				CLANG_WARN_QUOTED_INCLUDE_IN_FRAMEWORK_HEADER = YES;
				CLANG_WARN_RANGE_LOOP_ANALYSIS = YES;
				CLANG_WARN_STRICT_PROTOTYPES = YES;
				CLANG_WARN_SUSPICIOUS_MOVE = YES;
				CLANG_WARN_UNGUARDED_AVAILABILITY = YES_AGGRESSIVE;
				CLANG_WARN_UNREACHABLE_CODE = YES;
				CLANG_WARN__DUPLICATE_METHOD_MATCH = YES;
				COPY_PHASE_STRIP = NO;
				DEBUG_INFORMATION_FORMAT = "dwarf-with-dsym";
				ENABLE_NS_ASSERTIONS = NO;
				ENABLE_STRICT_OBJC_MSGSEND = YES;
				GCC_C_LANGUAGE_STANDARD = gnu11;
				GCC_NO_COMMON_BLOCKS = YES;
				GCC_WARN_64_TO_32_BIT_CONVERSION = YES;
				GCC_WARN_ABOUT_RETURN_TYPE = YES_ERROR;
				GCC_WARN_UNDECLARED_SELECTOR = YES;
				GCC_WARN_UNINITIALIZED_AUTOS = YES_AGGRESSIVE;
				GCC_WARN_UNUSED_FUNCTION = YES;
				GCC_WARN_UNUSED_VARIABLE = YES;
				MACOSX_DEPLOYMENT_TARGET = 11.1;
				MTL_ENABLE_DEBUG_INFO = NO;
				MTL_FAST_MATH = YES;
				SDKROOT = macosx;
			};
			name = Release;
		};
		6639D27125C6FDFD00FF8269 /* Debug */ = {
			isa = XCBuildConfiguration;
			buildSettings = {
				CODE_SIGN_STYLE = Automatic;
				PRODUCT_NAME = "$(TARGET_NAME)";
			};
			name = Debug;
		};
		6639D27225C6FDFD00FF8269 /* Release */ = {
			isa = XCBuildConfiguration;
			buildSettings = {
				CODE_SIGN_STYLE = Automatic;
				PRODUCT_NAME = "$(TARGET_NAME)";
			};
			name = Release;
		};
/* End XCBuildConfiguration section */

/* Begin XCConfigurationList section */
		6639D26425C6FDFD00FF8269 /* Build configuration list for PBXProject "Prova d’Esame 1A di Giovedì 10 Gennaio 2019" */ = {
			isa = XCConfigurationList;
			buildConfigurations = (
				6639D26E25C6FDFD00FF8269 /* Debug */,
				6639D26F25C6FDFD00FF8269 /* Release */,
			);
			defaultConfigurationIsVisible = 0;
			defaultConfigurationName = Release;
		};
		6639D27025C6FDFD00FF8269 /* Build configuration list for PBXNativeTarget "Prova d’Esame 1A di Giovedì 10 Gennaio 2019" */ = {
			isa = XCConfigurationList;
			buildConfigurations = (
				6639D27125C6FDFD00FF8269 /* Debug */,
				6639D27225C6FDFD00FF8269 /* Release */,
			);
			defaultConfigurationIsVisible = 0;
			defaultConfigurationName = Release;
		};
/* End XCConfigurationList section */
	};
	rootObject = 6639D26125C6FDFD00FF8269 /* Project object */;
}
