// !$*UTF8*$!
{
	archiveVersion = 1;
	classes = {
	};
	objectVersion = 50;
	objects = {

/* Begin PBXBuildFile section */
		66DE605725CF37E7003D269F /* main.c in Sources */ = {isa = PBXBuildFile; fileRef = 66DE605625CF37E7003D269F /* main.c */; };
		66DE606625CF37FC003D269F /* element.c in Sources */ = {isa = PBXBuildFile; fileRef = 66DE606225CF37FC003D269F /* element.c */; };
		66DE606825CF37FC003D269F /* lettura.c in Sources */ = {isa = PBXBuildFile; fileRef = 66DE606425CF37FC003D269F /* lettura.c */; };
		66DE606925CF37FC003D269F /* list.c in Sources */ = {isa = PBXBuildFile; fileRef = 66DE606525CF37FC003D269F /* list.c */; };
		66DE606D25CF388E003D269F /* rist.c in Sources */ = {isa = PBXBuildFile; fileRef = 66DE606C25CF388E003D269F /* rist.c */; };
/* End PBXBuildFile section */

/* Begin PBXCopyFilesBuildPhase section */
		66DE605125CF37E7003D269F /* CopyFiles */ = {
			isa = PBXCopyFilesBuildPhase;
			buildActionMask = 2147483647;
			dstPath = /usr/share/man/man1/;
			dstSubfolderSpec = 0;
			files = (
			);
			runOnlyForDeploymentPostprocessing = 1;
		};
/* End PBXCopyFilesBuildPhase section */

/* Begin PBXFileReference section */
		66DE605325CF37E7003D269F /* Prova d’Esame 2A di Giovedì 26 Gennaio 2017 */ = {isa = PBXFileReference; explicitFileType = "compiled.mach-o.executable"; includeInIndex = 0; path = "Prova d’Esame 2A di Giovedì 26 Gennaio 2017"; sourceTree = BUILT_PRODUCTS_DIR; };
		66DE605625CF37E7003D269F /* main.c */ = {isa = PBXFileReference; lastKnownFileType = sourcecode.c.c; path = main.c; sourceTree = "<group>"; };
		66DE605F25CF37FC003D269F /* lettura.h */ = {isa = PBXFileReference; fileEncoding = 4; lastKnownFileType = sourcecode.c.h; name = lettura.h; path = "../../../../librerie esame informatica/lettura.h"; sourceTree = "<group>"; };
		66DE606025CF37FC003D269F /* list.h */ = {isa = PBXFileReference; fileEncoding = 4; lastKnownFileType = sourcecode.c.h; name = list.h; path = "../../../../librerie esame informatica/list.h"; sourceTree = "<group>"; };
		66DE606125CF37FC003D269F /* element.h */ = {isa = PBXFileReference; fileEncoding = 4; lastKnownFileType = sourcecode.c.h; name = element.h; path = "../../../../librerie esame informatica/element.h"; sourceTree = "<group>"; };
		66DE606225CF37FC003D269F /* element.c */ = {isa = PBXFileReference; fileEncoding = 4; lastKnownFileType = sourcecode.c.c; name = element.c; path = "../../../../librerie esame informatica/element.c"; sourceTree = "<group>"; };
		66DE606425CF37FC003D269F /* lettura.c */ = {isa = PBXFileReference; fileEncoding = 4; lastKnownFileType = sourcecode.c.c; name = lettura.c; path = "../../../../librerie esame informatica/lettura.c"; sourceTree = "<group>"; };
		66DE606525CF37FC003D269F /* list.c */ = {isa = PBXFileReference; fileEncoding = 4; lastKnownFileType = sourcecode.c.c; name = list.c; path = "../../../../librerie esame informatica/list.c"; sourceTree = "<group>"; };
		66DE606B25CF388E003D269F /* rist.h */ = {isa = PBXFileReference; lastKnownFileType = sourcecode.c.h; path = rist.h; sourceTree = "<group>"; };
		66DE606C25CF388E003D269F /* rist.c */ = {isa = PBXFileReference; lastKnownFileType = sourcecode.c.c; path = rist.c; sourceTree = "<group>"; };
/* End PBXFileReference section */

/* Begin PBXFrameworksBuildPhase section */
		66DE605025CF37E7003D269F /* Frameworks */ = {
			isa = PBXFrameworksBuildPhase;
			buildActionMask = 2147483647;
			files = (
			);
			runOnlyForDeploymentPostprocessing = 0;
		};
/* End PBXFrameworksBuildPhase section */

/* Begin PBXGroup section */
		66DE604A25CF37E7003D269F = {
			isa = PBXGroup;
			children = (
				66DE605525CF37E7003D269F /* Prova d’Esame 2A di Giovedì 26 Gennaio 2017 */,
				66DE605425CF37E7003D269F /* Products */,
			);
			sourceTree = "<group>";
		};
		66DE605425CF37E7003D269F /* Products */ = {
			isa = PBXGroup;
			children = (
				66DE605325CF37E7003D269F /* Prova d’Esame 2A di Giovedì 26 Gennaio 2017 */,
			);
			name = Products;
			sourceTree = "<group>";
		};
		66DE605525CF37E7003D269F /* Prova d’Esame 2A di Giovedì 26 Gennaio 2017 */ = {
			isa = PBXGroup;
			children = (
				66DE605625CF37E7003D269F /* main.c */,
				66DE606C25CF388E003D269F /* rist.c */,
				66DE606B25CF388E003D269F /* rist.h */,
				66DE606225CF37FC003D269F /* element.c */,
				66DE606125CF37FC003D269F /* element.h */,
				66DE606425CF37FC003D269F /* lettura.c */,
				66DE605F25CF37FC003D269F /* lettura.h */,
				66DE606525CF37FC003D269F /* list.c */,
				66DE606025CF37FC003D269F /* list.h */,
			);
			path = "Prova d’Esame 2A di Giovedì 26 Gennaio 2017";
			sourceTree = "<group>";
		};
/* End PBXGroup section */

/* Begin PBXNativeTarget section */
		66DE605225CF37E7003D269F /* Prova d’Esame 2A di Giovedì 26 Gennaio 2017 */ = {
			isa = PBXNativeTarget;
			buildConfigurationList = 66DE605A25CF37E7003D269F /* Build configuration list for PBXNativeTarget "Prova d’Esame 2A di Giovedì 26 Gennaio 2017" */;
			buildPhases = (
				66DE604F25CF37E7003D269F /* Sources */,
				66DE605025CF37E7003D269F /* Frameworks */,
				66DE605125CF37E7003D269F /* CopyFiles */,
			);
			buildRules = (
			);
			dependencies = (
			);
			name = "Prova d’Esame 2A di Giovedì 26 Gennaio 2017";
			productName = "Prova d’Esame 2A di Giovedì 26 Gennaio 2017";
			productReference = 66DE605325CF37E7003D269F /* Prova d’Esame 2A di Giovedì 26 Gennaio 2017 */;
			productType = "com.apple.product-type.tool";
		};
/* End PBXNativeTarget section */

/* Begin PBXProject section */
		66DE604B25CF37E7003D269F /* Project object */ = {
			isa = PBXProject;
			attributes = {
				LastUpgradeCheck = 1240;
				TargetAttributes = {
					66DE605225CF37E7003D269F = {
						CreatedOnToolsVersion = 12.4;
					};
				};
			};
			buildConfigurationList = 66DE604E25CF37E7003D269F /* Build configuration list for PBXProject "Prova d’Esame 2A di Giovedì 26 Gennaio 2017" */;
			compatibilityVersion = "Xcode 9.3";
			developmentRegion = en;
			hasScannedForEncodings = 0;
			knownRegions = (
				en,
				Base,
			);
			mainGroup = 66DE604A25CF37E7003D269F;
			productRefGroup = 66DE605425CF37E7003D269F /* Products */;
			projectDirPath = "";
			projectRoot = "";
			targets = (
				66DE605225CF37E7003D269F /* Prova d’Esame 2A di Giovedì 26 Gennaio 2017 */,
			);
		};
/* End PBXProject section */

/* Begin PBXSourcesBuildPhase section */
		66DE604F25CF37E7003D269F /* Sources */ = {
			isa = PBXSourcesBuildPhase;
			buildActionMask = 2147483647;
			files = (
				66DE606925CF37FC003D269F /* list.c in Sources */,
				66DE606625CF37FC003D269F /* element.c in Sources */,
				66DE606D25CF388E003D269F /* rist.c in Sources */,
				66DE605725CF37E7003D269F /* main.c in Sources */,
				66DE606825CF37FC003D269F /* lettura.c in Sources */,
			);
			runOnlyForDeploymentPostprocessing = 0;
		};
/* End PBXSourcesBuildPhase section */

/* Begin XCBuildConfiguration section */
		66DE605825CF37E7003D269F /* Debug */ = {
			isa = XCBuildConfiguration;
			buildSettings = {
				ALWAYS_SEARCH_USER_PATHS = NO;
				CLANG_ANALYZER_NONNULL = YES;
				CLANG_ANALYZER_NUMBER_OBJECT_CONVERSION = YES_AGGRESSIVE;
				CLANG_CXX_LANGUAGE_STANDARD = "gnu++14";
				CLANG_CXX_LIBRARY = "libc++";
				CLANG_ENABLE_MODULES = YES;
				CLANG_ENABLE_OBJC_ARC = YES;
				CLANG_ENABLE_OBJC_WEAK = YES;
				CLANG_WARN_BLOCK_CAPTURE_AUTORELEASING = YES;
				CLANG_WARN_BOOL_CONVERSION = YES;
				CLANG_WARN_COMMA = YES;
				CLANG_WARN_CONSTANT_CONVERSION = YES;
				CLANG_WARN_DEPRECATED_OBJC_IMPLEMENTATIONS = YES;
				CLANG_WARN_DIRECT_OBJC_ISA_USAGE = YES_ERROR;
				CLANG_WARN_DOCUMENTATION_COMMENTS = YES;
				CLANG_WARN_EMPTY_BODY = YES;
				CLANG_WARN_ENUM_CONVERSION = YES;
				CLANG_WARN_INFINITE_RECURSION = YES;
				CLANG_WARN_INT_CONVERSION = YES;
				CLANG_WARN_NON_LITERAL_NULL_CONVERSION = YES;
				CLANG_WARN_OBJC_IMPLICIT_RETAIN_SELF = YES;
				CLANG_WARN_OBJC_LITERAL_CONVERSION = YES;
				CLANG_WARN_OBJC_ROOT_CLASS = YES_ERROR;
				CLANG_WARN_QUOTED_INCLUDE_IN_FRAMEWORK_HEADER = YES;
				CLANG_WARN_RANGE_LOOP_ANALYSIS = YES;
				CLANG_WARN_STRICT_PROTOTYPES = YES;
				CLANG_WARN_SUSPICIOUS_MOVE = YES;
				CLANG_WARN_UNGUARDED_AVAILABILITY = YES_AGGRESSIVE;
				CLANG_WARN_UNREACHABLE_CODE = YES;
				CLANG_WARN__DUPLICATE_METHOD_MATCH = YES;
				COPY_PHASE_STRIP = NO;
				DEBUG_INFORMATION_FORMAT = dwarf;
				ENABLE_STRICT_OBJC_MSGSEND = YES;
				ENABLE_TESTABILITY = YES;
				GCC_C_LANGUAGE_STANDARD = gnu11;
				GCC_DYNAMIC_NO_PIC = NO;
				GCC_NO_COMMON_BLOCKS = YES;
				GCC_OPTIMIZATION_LEVEL = 0;
				GCC_PREPROCESSOR_DEFINITIONS = (
					"DEBUG=1",
					"$(inherited)",
				);
				GCC_WARN_64_TO_32_BIT_CONVERSION = YES;
				GCC_WARN_ABOUT_RETURN_TYPE = YES_ERROR;
				GCC_WARN_UNDECLARED_SELECTOR = YES;
				GCC_WARN_UNINITIALIZED_AUTOS = YES_AGGRESSIVE;
				GCC_WARN_UNUSED_FUNCTION = YES;
				GCC_WARN_UNUSED_VARIABLE = YES;
				MACOSX_DEPLOYMENT_TARGET = 11.1;
				MTL_ENABLE_DEBUG_INFO = INCLUDE_SOURCE;
				MTL_FAST_MATH = YES;
				ONLY_ACTIVE_ARCH = YES;
				SDKROOT = macosx;
			};
			name = Debug;
		};
		66DE605925CF37E7003D269F /* Release */ = {
			isa = XCBuildConfiguration;
			buildSettings = {
				ALWAYS_SEARCH_USER_PATHS = NO;
				CLANG_ANALYZER_NONNULL = YES;
				CLANG_ANALYZER_NUMBER_OBJECT_CONVERSION = YES_AGGRESSIVE;
				CLANG_CXX_LANGUAGE_STANDARD = "gnu++14";
				CLANG_CXX_LIBRARY = "libc++";
				CLANG_ENABLE_MODULES = YES;
				CLANG_ENABLE_OBJC_ARC = YES;
				CLANG_ENABLE_OBJC_WEAK = YES;
				CLANG_WARN_BLOCK_CAPTURE_AUTORELEASING = YES;
				CLANG_WARN_BOOL_CONVERSION = YES;
				CLANG_WARN_COMMA = YES;
				CLANG_WARN_CONSTANT_CONVERSION = YES;
				CLANG_WARN_DEPRECATED_OBJC_IMPLEMENTATIONS = YES;
				CLANG_WARN_DIRECT_OBJC_ISA_USAGE = YES_ERROR;
				CLANG_WARN_DOCUMENTATION_COMMENTS = YES;
				CLANG_WARN_EMPTY_BODY = YES;
				CLANG_WARN_ENUM_CONVERSION = YES;
				CLANG_WARN_INFINITE_RECURSION = YES;
				CLANG_WARN_INT_CONVERSION = YES;
				CLANG_WARN_NON_LITERAL_NULL_CONVERSION = YES;
				CLANG_WARN_OBJC_IMPLICIT_RETAIN_SELF = YES;
				CLANG_WARN_OBJC_LITERAL_CONVERSION = YES;
				CLANG_WARN_OBJC_ROOT_CLASS = YES_ERROR;
				CLANG_WARN_QUOTED_INCLUDE_IN_FRAMEWORK_HEADER = YES;
				CLANG_WARN_RANGE_LOOP_ANALYSIS = YES;
				CLANG_WARN_STRICT_PROTOTYPES = YES;
				CLANG_WARN_SUSPICIOUS_MOVE = YES;
				CLANG_WARN_UNGUARDED_AVAILABILITY = YES_AGGRESSIVE;
				CLANG_WARN_UNREACHABLE_CODE = YES;
				CLANG_WARN__DUPLICATE_METHOD_MATCH = YES;
				COPY_PHASE_STRIP = NO;
				DEBUG_INFORMATION_FORMAT = "dwarf-with-dsym";
				ENABLE_NS_ASSERTIONS = NO;
				ENABLE_STRICT_OBJC_MSGSEND = YES;
				GCC_C_LANGUAGE_STANDARD = gnu11;
				GCC_NO_COMMON_BLOCKS = YES;
				GCC_WARN_64_TO_32_BIT_CONVERSION = YES;
				GCC_WARN_ABOUT_RETURN_TYPE = YES_ERROR;
				GCC_WARN_UNDECLARED_SELECTOR = YES;
				GCC_WARN_UNINITIALIZED_AUTOS = YES_AGGRESSIVE;
				GCC_WARN_UNUSED_FUNCTION = YES;
				GCC_WARN_UNUSED_VARIABLE = YES;
				MACOSX_DEPLOYMENT_TARGET = 11.1;
				MTL_ENABLE_DEBUG_INFO = NO;
				MTL_FAST_MATH = YES;
				SDKROOT = macosx;
			};
			name = Release;
		};
		66DE605B25CF37E7003D269F /* Debug */ = {
			isa = XCBuildConfiguration;
			buildSettings = {
				CODE_SIGN_STYLE = Automatic;
				PRODUCT_NAME = "$(TARGET_NAME)";
			};
			name = Debug;
		};
		66DE605C25CF37E7003D269F /* Release */ = {
			isa = XCBuildConfiguration;
			buildSettings = {
				CODE_SIGN_STYLE = Automatic;
				PRODUCT_NAME = "$(TARGET_NAME)";
			};
			name = Release;
		};
/* End XCBuildConfiguration section */

/* Begin XCConfigurationList section */
		66DE604E25CF37E7003D269F /* Build configuration list for PBXProject "Prova d’Esame 2A di Giovedì 26 Gennaio 2017" */ = {
			isa = XCConfigurationList;
			buildConfigurations = (
				66DE605825CF37E7003D269F /* Debug */,
				66DE605925CF37E7003D269F /* Release */,
			);
			defaultConfigurationIsVisible = 0;
			defaultConfigurationName = Release;
		};
		66DE605A25CF37E7003D269F /* Build configuration list for PBXNativeTarget "Prova d’Esame 2A di Giovedì 26 Gennaio 2017" */ = {
			isa = XCConfigurationList;
			buildConfigurations = (
				66DE605B25CF37E7003D269F /* Debug */,
				66DE605C25CF37E7003D269F /* Release */,
			);
			defaultConfigurationIsVisible = 0;
			defaultConfigurationName = Release;
		};
/* End XCConfigurationList section */
	};
	rootObject = 66DE604B25CF37E7003D269F /* Project object */;
}
