// !$*UTF8*$!
{
	archiveVersion = 1;
	classes = {
	};
	objectVersion = 50;
	objects = {

/* Begin PBXBuildFile section */
		66E88B4B25D00CD900FC4844 /* main.c in Sources */ = {isa = PBXBuildFile; fileRef = 66E88B4A25D00CD900FC4844 /* main.c */; };
		66E88B5A25D00D4100FC4844 /* list.c in Sources */ = {isa = PBXBuildFile; fileRef = 66E88B5325D00D4100FC4844 /* list.c */; };
		66E88B5C25D00D4100FC4844 /* lettura.c in Sources */ = {isa = PBXBuildFile; fileRef = 66E88B5725D00D4100FC4844 /* lettura.c */; };
		66E88B5D25D00D4100FC4844 /* element.c in Sources */ = {isa = PBXBuildFile; fileRef = 66E88B5925D00D4100FC4844 /* element.c */; };
		66E88B6125D00D5500FC4844 /* test.c in Sources */ = {isa = PBXBuildFile; fileRef = 66E88B6025D00D5500FC4844 /* test.c */; };
/* End PBXBuildFile section */

/* Begin PBXCopyFilesBuildPhase section */
		66E88B4525D00CD900FC4844 /* CopyFiles */ = {
			isa = PBXCopyFilesBuildPhase;
			buildActionMask = 2147483647;
			dstPath = /usr/share/man/man1/;
			dstSubfolderSpec = 0;
			files = (
			);
			runOnlyForDeploymentPostprocessing = 1;
		};
/* End PBXCopyFilesBuildPhase section */

/* Begin PBXFileReference section */
		66E88B4725D00CD900FC4844 /* Prova d’Esame 3A di Giovedì 16 Febbraio 2017 */ = {isa = PBXFileReference; explicitFileType = "compiled.mach-o.executable"; includeInIndex = 0; path = "Prova d’Esame 3A di Giovedì 16 Febbraio 2017"; sourceTree = BUILT_PRODUCTS_DIR; };
		66E88B4A25D00CD900FC4844 /* main.c */ = {isa = PBXFileReference; lastKnownFileType = sourcecode.c.c; path = main.c; sourceTree = "<group>"; };
		66E88B5225D00D4100FC4844 /* element.h */ = {isa = PBXFileReference; fileEncoding = 4; lastKnownFileType = sourcecode.c.h; name = element.h; path = "../../../../librerie esame informatica/element.h"; sourceTree = "<group>"; };
		66E88B5325D00D4100FC4844 /* list.c */ = {isa = PBXFileReference; fileEncoding = 4; lastKnownFileType = sourcecode.c.c; name = list.c; path = "../../../../librerie esame informatica/list.c"; sourceTree = "<group>"; };
		66E88B5625D00D4100FC4844 /* list.h */ = {isa = PBXFileReference; fileEncoding = 4; lastKnownFileType = sourcecode.c.h; name = list.h; path = "../../../../librerie esame informatica/list.h"; sourceTree = "<group>"; };
		66E88B5725D00D4100FC4844 /* lettura.c */ = {isa = PBXFileReference; fileEncoding = 4; lastKnownFileType = sourcecode.c.c; name = lettura.c; path = "../../../../librerie esame informatica/lettura.c"; sourceTree = "<group>"; };
		66E88B5825D00D4100FC4844 /* lettura.h */ = {isa = PBXFileReference; fileEncoding = 4; lastKnownFileType = sourcecode.c.h; name = lettura.h; path = "../../../../librerie esame informatica/lettura.h"; sourceTree = "<group>"; };
		66E88B5925D00D4100FC4844 /* element.c */ = {isa = PBXFileReference; fileEncoding = 4; lastKnownFileType = sourcecode.c.c; name = element.c; path = "../../../../librerie esame informatica/element.c"; sourceTree = "<group>"; };
		66E88B5F25D00D5500FC4844 /* test.h */ = {isa = PBXFileReference; lastKnownFileType = sourcecode.c.h; path = test.h; sourceTree = "<group>"; };
		66E88B6025D00D5500FC4844 /* test.c */ = {isa = PBXFileReference; lastKnownFileType = sourcecode.c.c; path = test.c; sourceTree = "<group>"; };
/* End PBXFileReference section */

/* Begin PBXFrameworksBuildPhase section */
		66E88B4425D00CD900FC4844 /* Frameworks */ = {
			isa = PBXFrameworksBuildPhase;
			buildActionMask = 2147483647;
			files = (
			);
			runOnlyForDeploymentPostprocessing = 0;
		};
/* End PBXFrameworksBuildPhase section */

/* Begin PBXGroup section */
		66E88B3E25D00CD900FC4844 = {
			isa = PBXGroup;
			children = (
				66E88B4925D00CD900FC4844 /* Prova d’Esame 3A di Giovedì 16 Febbraio 2017 */,
				66E88B4825D00CD900FC4844 /* Products */,
			);
			sourceTree = "<group>";
		};
		66E88B4825D00CD900FC4844 /* Products */ = {
			isa = PBXGroup;
			children = (
				66E88B4725D00CD900FC4844 /* Prova d’Esame 3A di Giovedì 16 Febbraio 2017 */,
			);
			name = Products;
			sourceTree = "<group>";
		};
		66E88B4925D00CD900FC4844 /* Prova d’Esame 3A di Giovedì 16 Febbraio 2017 */ = {
			isa = PBXGroup;
			children = (
				66E88B4A25D00CD900FC4844 /* main.c */,
				66E88B6025D00D5500FC4844 /* test.c */,
				66E88B5F25D00D5500FC4844 /* test.h */,
				66E88B5925D00D4100FC4844 /* element.c */,
				66E88B5225D00D4100FC4844 /* element.h */,
				66E88B5725D00D4100FC4844 /* lettura.c */,
				66E88B5825D00D4100FC4844 /* lettura.h */,
				66E88B5325D00D4100FC4844 /* list.c */,
				66E88B5625D00D4100FC4844 /* list.h */,
			);
			path = "Prova d’Esame 3A di Giovedì 16 Febbraio 2017";
			sourceTree = "<group>";
		};
/* End PBXGroup section */

/* Begin PBXNativeTarget section */
		66E88B4625D00CD900FC4844 /* Prova d’Esame 3A di Giovedì 16 Febbraio 2017 */ = {
			isa = PBXNativeTarget;
			buildConfigurationList = 66E88B4E25D00CD900FC4844 /* Build configuration list for PBXNativeTarget "Prova d’Esame 3A di Giovedì 16 Febbraio 2017" */;
			buildPhases = (
				66E88B4325D00CD900FC4844 /* Sources */,
				66E88B4425D00CD900FC4844 /* Frameworks */,
				66E88B4525D00CD900FC4844 /* CopyFiles */,
			);
			buildRules = (
			);
			dependencies = (
			);
			name = "Prova d’Esame 3A di Giovedì 16 Febbraio 2017";
			productName = "Prova d’Esame 3A di Giovedì 16 Febbraio 2017";
			productReference = 66E88B4725D00CD900FC4844 /* Prova d’Esame 3A di Giovedì 16 Febbraio 2017 */;
			productType = "com.apple.product-type.tool";
		};
/* End PBXNativeTarget section */

/* Begin PBXProject section */
		66E88B3F25D00CD900FC4844 /* Project object */ = {
			isa = PBXProject;
			attributes = {
				LastUpgradeCheck = 1240;
				TargetAttributes = {
					66E88B4625D00CD900FC4844 = {
						CreatedOnToolsVersion = 12.4;
					};
				};
			};
			buildConfigurationList = 66E88B4225D00CD900FC4844 /* Build configuration list for PBXProject "Prova d’Esame 3A di Giovedì 16 Febbraio 2017" */;
			compatibilityVersion = "Xcode 9.3";
			developmentRegion = en;
			hasScannedForEncodings = 0;
			knownRegions = (
				en,
				Base,
			);
			mainGroup = 66E88B3E25D00CD900FC4844;
			productRefGroup = 66E88B4825D00CD900FC4844 /* Products */;
			projectDirPath = "";
			projectRoot = "";
			targets = (
				66E88B4625D00CD900FC4844 /* Prova d’Esame 3A di Giovedì 16 Febbraio 2017 */,
			);
		};
/* End PBXProject section */

/* Begin PBXSourcesBuildPhase section */
		66E88B4325D00CD900FC4844 /* Sources */ = {
			isa = PBXSourcesBuildPhase;
			buildActionMask = 2147483647;
			files = (
				66E88B5D25D00D4100FC4844 /* element.c in Sources */,
				66E88B4B25D00CD900FC4844 /* main.c in Sources */,
				66E88B6125D00D5500FC4844 /* test.c in Sources */,
				66E88B5A25D00D4100FC4844 /* list.c in Sources */,
				66E88B5C25D00D4100FC4844 /* lettura.c in Sources */,
			);
			runOnlyForDeploymentPostprocessing = 0;
		};
/* End PBXSourcesBuildPhase section */

/* Begin XCBuildConfiguration section */
		66E88B4C25D00CD900FC4844 /* Debug */ = {
			isa = XCBuildConfiguration;
			buildSettings = {
				ALWAYS_SEARCH_USER_PATHS = NO;
				CLANG_ANALYZER_NONNULL = YES;
				CLANG_ANALYZER_NUMBER_OBJECT_CONVERSION = YES_AGGRESSIVE;
				CLANG_CXX_LANGUAGE_STANDARD = "gnu++14";
				CLANG_CXX_LIBRARY = "libc++";
				CLANG_ENABLE_MODULES = YES;
				CLANG_ENABLE_OBJC_ARC = YES;
				CLANG_ENABLE_OBJC_WEAK = YES;
				CLANG_WARN_BLOCK_CAPTURE_AUTORELEASING = YES;
				CLANG_WARN_BOOL_CONVERSION = YES;
				CLANG_WARN_COMMA = YES;
				CLANG_WARN_CONSTANT_CONVERSION = YES;
				CLANG_WARN_DEPRECATED_OBJC_IMPLEMENTATIONS = YES;
				CLANG_WARN_DIRECT_OBJC_ISA_USAGE = YES_ERROR;
				CLANG_WARN_DOCUMENTATION_COMMENTS = YES;
				CLANG_WARN_EMPTY_BODY = YES;
				CLANG_WARN_ENUM_CONVERSION = YES;
				CLANG_WARN_INFINITE_RECURSION = YES;
				CLANG_WARN_INT_CONVERSION = YES;
				CLANG_WARN_NON_LITERAL_NULL_CONVERSION = YES;
				CLANG_WARN_OBJC_IMPLICIT_RETAIN_SELF = YES;
				CLANG_WARN_OBJC_LITERAL_CONVERSION = YES;
				CLANG_WARN_OBJC_ROOT_CLASS = YES_ERROR;
				CLANG_WARN_QUOTED_INCLUDE_IN_FRAMEWORK_HEADER = YES;
				CLANG_WARN_RANGE_LOOP_ANALYSIS = YES;
				CLANG_WARN_STRICT_PROTOTYPES = YES;
				CLANG_WARN_SUSPICIOUS_MOVE = YES;
				CLANG_WARN_UNGUARDED_AVAILABILITY = YES_AGGRESSIVE;
				CLANG_WARN_UNREACHABLE_CODE = YES;
				CLANG_WARN__DUPLICATE_METHOD_MATCH = YES;
				COPY_PHASE_STRIP = NO;
				DEBUG_INFORMATION_FORMAT = dwarf;
				ENABLE_STRICT_OBJC_MSGSEND = YES;
				ENABLE_TESTABILITY = YES;
				GCC_C_LANGUAGE_STANDARD = gnu11;
				GCC_DYNAMIC_NO_PIC = NO;
				GCC_NO_COMMON_BLOCKS = YES;
				GCC_OPTIMIZATION_LEVEL = 0;
				GCC_PREPROCESSOR_DEFINITIONS = (
					"DEBUG=1",
					"$(inherited)",
				);
				GCC_WARN_64_TO_32_BIT_CONVERSION = YES;
				GCC_WARN_ABOUT_RETURN_TYPE = YES_ERROR;
				GCC_WARN_UNDECLARED_SELECTOR = YES;
				GCC_WARN_UNINITIALIZED_AUTOS = YES_AGGRESSIVE;
				GCC_WARN_UNUSED_FUNCTION = YES;
				GCC_WARN_UNUSED_VARIABLE = YES;
				MACOSX_DEPLOYMENT_TARGET = 11.1;
				MTL_ENABLE_DEBUG_INFO = INCLUDE_SOURCE;
				MTL_FAST_MATH = YES;
				ONLY_ACTIVE_ARCH = YES;
				SDKROOT = macosx;
			};
			name = Debug;
		};
		66E88B4D25D00CD900FC4844 /* Release */ = {
			isa = XCBuildConfiguration;
			buildSettings = {
				ALWAYS_SEARCH_USER_PATHS = NO;
				CLANG_ANALYZER_NONNULL = YES;
				CLANG_ANALYZER_NUMBER_OBJECT_CONVERSION = YES_AGGRESSIVE;
				CLANG_CXX_LANGUAGE_STANDARD = "gnu++14";
				CLANG_CXX_LIBRARY = "libc++";
				CLANG_ENABLE_MODULES = YES;
				CLANG_ENABLE_OBJC_ARC = YES;
				CLANG_ENABLE_OBJC_WEAK = YES;
				CLANG_WARN_BLOCK_CAPTURE_AUTORELEASING = YES;
				CLANG_WARN_BOOL_CONVERSION = YES;
				CLANG_WARN_COMMA = YES;
				CLANG_WARN_CONSTANT_CONVERSION = YES;
				CLANG_WARN_DEPRECATED_OBJC_IMPLEMENTATIONS = YES;
				CLANG_WARN_DIRECT_OBJC_ISA_USAGE = YES_ERROR;
				CLANG_WARN_DOCUMENTATION_COMMENTS = YES;
				CLANG_WARN_EMPTY_BODY = YES;
				CLANG_WARN_ENUM_CONVERSION = YES;
				CLANG_WARN_INFINITE_RECURSION = YES;
				CLANG_WARN_INT_CONVERSION = YES;
				CLANG_WARN_NON_LITERAL_NULL_CONVERSION = YES;
				CLANG_WARN_OBJC_IMPLICIT_RETAIN_SELF = YES;
				CLANG_WARN_OBJC_LITERAL_CONVERSION = YES;
				CLANG_WARN_OBJC_ROOT_CLASS = YES_ERROR;
				CLANG_WARN_QUOTED_INCLUDE_IN_FRAMEWORK_HEADER = YES;
				CLANG_WARN_RANGE_LOOP_ANALYSIS = YES;
				CLANG_WARN_STRICT_PROTOTYPES = YES;
				CLANG_WARN_SUSPICIOUS_MOVE = YES;
				CLANG_WARN_UNGUARDED_AVAILABILITY = YES_AGGRESSIVE;
				CLANG_WARN_UNREACHABLE_CODE = YES;
				CLANG_WARN__DUPLICATE_METHOD_MATCH = YES;
				COPY_PHASE_STRIP = NO;
				DEBUG_INFORMATION_FORMAT = "dwarf-with-dsym";
				ENABLE_NS_ASSERTIONS = NO;
				ENABLE_STRICT_OBJC_MSGSEND = YES;
				GCC_C_LANGUAGE_STANDARD = gnu11;
				GCC_NO_COMMON_BLOCKS = YES;
				GCC_WARN_64_TO_32_BIT_CONVERSION = YES;
				GCC_WARN_ABOUT_RETURN_TYPE = YES_ERROR;
				GCC_WARN_UNDECLARED_SELECTOR = YES;
				GCC_WARN_UNINITIALIZED_AUTOS = YES_AGGRESSIVE;
				GCC_WARN_UNUSED_FUNCTION = YES;
				GCC_WARN_UNUSED_VARIABLE = YES;
				MACOSX_DEPLOYMENT_TARGET = 11.1;
				MTL_ENABLE_DEBUG_INFO = NO;
				MTL_FAST_MATH = YES;
				SDKROOT = macosx;
			};
			name = Release;
		};
		66E88B4F25D00CD900FC4844 /* Debug */ = {
			isa = XCBuildConfiguration;
			buildSettings = {
				CODE_SIGN_STYLE = Automatic;
				PRODUCT_NAME = "$(TARGET_NAME)";
			};
			name = Debug;
		};
		66E88B5025D00CD900FC4844 /* Release */ = {
			isa = XCBuildConfiguration;
			buildSettings = {
				CODE_SIGN_STYLE = Automatic;
				PRODUCT_NAME = "$(TARGET_NAME)";
			};
			name = Release;
		};
/* End XCBuildConfiguration section */

/* Begin XCConfigurationList section */
		66E88B4225D00CD900FC4844 /* Build configuration list for PBXProject "Prova d’Esame 3A di Giovedì 16 Febbraio 2017" */ = {
			isa = XCConfigurationList;
			buildConfigurations = (
				66E88B4C25D00CD900FC4844 /* Debug */,
				66E88B4D25D00CD900FC4844 /* Release */,
			);
			defaultConfigurationIsVisible = 0;
			defaultConfigurationName = Release;
		};
		66E88B4E25D00CD900FC4844 /* Build configuration list for PBXNativeTarget "Prova d’Esame 3A di Giovedì 16 Febbraio 2017" */ = {
			isa = XCConfigurationList;
			buildConfigurations = (
				66E88B4F25D00CD900FC4844 /* Debug */,
				66E88B5025D00CD900FC4844 /* Release */,
			);
			defaultConfigurationIsVisible = 0;
			defaultConfigurationName = Release;
		};
/* End XCConfigurationList section */
	};
	rootObject = 66E88B3F25D00CD900FC4844 /* Project object */;
}
