// !$*UTF8*$!
{
	archiveVersion = 1;
	classes = {
	};
	objectVersion = 50;
	objects = {

/* Begin PBXBuildFile section */
		665E479825C2D91B0018EED6 /* main.c in Sources */ = {isa = PBXBuildFile; fileRef = 665E479725C2D91B0018EED6 /* main.c */; };
		665E47A625C2DA190018EED6 /* list.c in Sources */ = {isa = PBXBuildFile; fileRef = 665E47A525C2DA190018EED6 /* list.c */; };
		665E47AA25C2DC310018EED6 /* banca.c in Sources */ = {isa = PBXBuildFile; fileRef = 665E47A925C2DC310018EED6 /* banca.c */; };
		665E47AE25C2DE0F0018EED6 /* lettura.c in Sources */ = {isa = PBXBuildFile; fileRef = 665E47AD25C2DE0F0018EED6 /* lettura.c */; };
		665E47B225C2EDCA0018EED6 /* element.c in Sources */ = {isa = PBXBuildFile; fileRef = 665E47B125C2EDCA0018EED6 /* element.c */; };
/* End PBXBuildFile section */

/* Begin PBXCopyFilesBuildPhase section */
		665E479225C2D91B0018EED6 /* CopyFiles */ = {
			isa = PBXCopyFilesBuildPhase;
			buildActionMask = 2147483647;
			dstPath = /usr/share/man/man1/;
			dstSubfolderSpec = 0;
			files = (
			);
			runOnlyForDeploymentPostprocessing = 1;
		};
/* End PBXCopyFilesBuildPhase section */

/* Begin PBXFileReference section */
		665E479425C2D91B0018EED6 /* Prova d’Esame 2A di Giovedì 23 Gennaio 2020 */ = {isa = PBXFileReference; explicitFileType = "compiled.mach-o.executable"; includeInIndex = 0; path = "Prova d’Esame 2A di Giovedì 23 Gennaio 2020"; sourceTree = BUILT_PRODUCTS_DIR; };
		665E479725C2D91B0018EED6 /* main.c */ = {isa = PBXFileReference; lastKnownFileType = sourcecode.c.c; path = main.c; sourceTree = "<group>"; };
		665E479F25C2D9F80018EED6 /* element.h */ = {isa = PBXFileReference; lastKnownFileType = sourcecode.c.h; path = element.h; sourceTree = "<group>"; };
		665E47A425C2DA190018EED6 /* list.h */ = {isa = PBXFileReference; fileEncoding = 4; lastKnownFileType = sourcecode.c.h; path = list.h; sourceTree = "<group>"; };
		665E47A525C2DA190018EED6 /* list.c */ = {isa = PBXFileReference; fileEncoding = 4; lastKnownFileType = sourcecode.c.c; path = list.c; sourceTree = "<group>"; };
		665E47A825C2DC310018EED6 /* banca.h */ = {isa = PBXFileReference; lastKnownFileType = sourcecode.c.h; path = banca.h; sourceTree = "<group>"; };
		665E47A925C2DC310018EED6 /* banca.c */ = {isa = PBXFileReference; lastKnownFileType = sourcecode.c.c; path = banca.c; sourceTree = "<group>"; };
		665E47AC25C2DE0F0018EED6 /* lettura.h */ = {isa = PBXFileReference; lastKnownFileType = sourcecode.c.h; path = lettura.h; sourceTree = "<group>"; };
		665E47AD25C2DE0F0018EED6 /* lettura.c */ = {isa = PBXFileReference; lastKnownFileType = sourcecode.c.c; path = lettura.c; sourceTree = "<group>"; };
		665E47B125C2EDCA0018EED6 /* element.c */ = {isa = PBXFileReference; lastKnownFileType = sourcecode.c.c; path = element.c; sourceTree = "<group>"; };
/* End PBXFileReference section */

/* Begin PBXFrameworksBuildPhase section */
		665E479125C2D91B0018EED6 /* Frameworks */ = {
			isa = PBXFrameworksBuildPhase;
			buildActionMask = 2147483647;
			files = (
			);
			runOnlyForDeploymentPostprocessing = 0;
		};
/* End PBXFrameworksBuildPhase section */

/* Begin PBXGroup section */
		665E478B25C2D91B0018EED6 = {
			isa = PBXGroup;
			children = (
				665E479625C2D91B0018EED6 /* Prova d’Esame 2A di Giovedì 23 Gennaio 2020 */,
				665E479525C2D91B0018EED6 /* Products */,
			);
			sourceTree = "<group>";
		};
		665E479525C2D91B0018EED6 /* Products */ = {
			isa = PBXGroup;
			children = (
				665E479425C2D91B0018EED6 /* Prova d’Esame 2A di Giovedì 23 Gennaio 2020 */,
			);
			name = Products;
			sourceTree = "<group>";
		};
		665E479625C2D91B0018EED6 /* Prova d’Esame 2A di Giovedì 23 Gennaio 2020 */ = {
			isa = PBXGroup;
			children = (
				665E479725C2D91B0018EED6 /* main.c */,
				665E47A925C2DC310018EED6 /* banca.c */,
				665E47A825C2DC310018EED6 /* banca.h */,
				665E479F25C2D9F80018EED6 /* element.h */,
				665E47B125C2EDCA0018EED6 /* element.c */,
				665E47A525C2DA190018EED6 /* list.c */,
				665E47A425C2DA190018EED6 /* list.h */,
				665E47AC25C2DE0F0018EED6 /* lettura.h */,
				665E47AD25C2DE0F0018EED6 /* lettura.c */,
			);
			path = "Prova d’Esame 2A di Giovedì 23 Gennaio 2020";
			sourceTree = "<group>";
		};
/* End PBXGroup section */

/* Begin PBXNativeTarget section */
		665E479325C2D91B0018EED6 /* Prova d’Esame 2A di Giovedì 23 Gennaio 2020 */ = {
			isa = PBXNativeTarget;
			buildConfigurationList = 665E479B25C2D91B0018EED6 /* Build configuration list for PBXNativeTarget "Prova d’Esame 2A di Giovedì 23 Gennaio 2020" */;
			buildPhases = (
				665E479025C2D91B0018EED6 /* Sources */,
				665E479125C2D91B0018EED6 /* Frameworks */,
				665E479225C2D91B0018EED6 /* CopyFiles */,
			);
			buildRules = (
			);
			dependencies = (
			);
			name = "Prova d’Esame 2A di Giovedì 23 Gennaio 2020";
			productName = "Prova d’Esame 2A di Giovedì 23 Gennaio 2020";
			productReference = 665E479425C2D91B0018EED6 /* Prova d’Esame 2A di Giovedì 23 Gennaio 2020 */;
			productType = "com.apple.product-type.tool";
		};
/* End PBXNativeTarget section */

/* Begin PBXProject section */
		665E478C25C2D91B0018EED6 /* Project object */ = {
			isa = PBXProject;
			attributes = {
				LastUpgradeCheck = 1240;
				TargetAttributes = {
					665E479325C2D91B0018EED6 = {
						CreatedOnToolsVersion = 12.3;
					};
				};
			};
			buildConfigurationList = 665E478F25C2D91B0018EED6 /* Build configuration list for PBXProject "Prova d’Esame 2A di Giovedì 23 Gennaio 2020" */;
			compatibilityVersion = "Xcode 9.3";
			developmentRegion = en;
			hasScannedForEncodings = 0;
			knownRegions = (
				en,
				Base,
			);
			mainGroup = 665E478B25C2D91B0018EED6;
			productRefGroup = 665E479525C2D91B0018EED6 /* Products */;
			projectDirPath = "";
			projectRoot = "";
			targets = (
				665E479325C2D91B0018EED6 /* Prova d’Esame 2A di Giovedì 23 Gennaio 2020 */,
			);
		};
/* End PBXProject section */

/* Begin PBXSourcesBuildPhase section */
		665E479025C2D91B0018EED6 /* Sources */ = {
			isa = PBXSourcesBuildPhase;
			buildActionMask = 2147483647;
			files = (
				665E47A625C2DA190018EED6 /* list.c in Sources */,
				665E47AA25C2DC310018EED6 /* banca.c in Sources */,
				665E47B225C2EDCA0018EED6 /* element.c in Sources */,
				665E479825C2D91B0018EED6 /* main.c in Sources */,
				665E47AE25C2DE0F0018EED6 /* lettura.c in Sources */,
			);
			runOnlyForDeploymentPostprocessing = 0;
		};
/* End PBXSourcesBuildPhase section */

/* Begin XCBuildConfiguration section */
		665E479925C2D91B0018EED6 /* Debug */ = {
			isa = XCBuildConfiguration;
			buildSettings = {
				ALWAYS_SEARCH_USER_PATHS = NO;
				CLANG_ANALYZER_NONNULL = YES;
				CLANG_ANALYZER_NUMBER_OBJECT_CONVERSION = YES_AGGRESSIVE;
				CLANG_CXX_LANGUAGE_STANDARD = "gnu++14";
				CLANG_CXX_LIBRARY = "libc++";
				CLANG_ENABLE_MODULES = YES;
				CLANG_ENABLE_OBJC_ARC = YES;
				CLANG_ENABLE_OBJC_WEAK = YES;
				CLANG_WARN_BLOCK_CAPTURE_AUTORELEASING = YES;
				CLANG_WARN_BOOL_CONVERSION = YES;
				CLANG_WARN_COMMA = YES;
				CLANG_WARN_CONSTANT_CONVERSION = YES;
				CLANG_WARN_DEPRECATED_OBJC_IMPLEMENTATIONS = YES;
				CLANG_WARN_DIRECT_OBJC_ISA_USAGE = YES_ERROR;
				CLANG_WARN_DOCUMENTATION_COMMENTS = YES;
				CLANG_WARN_EMPTY_BODY = YES;
				CLANG_WARN_ENUM_CONVERSION = YES;
				CLANG_WARN_INFINITE_RECURSION = YES;
				CLANG_WARN_INT_CONVERSION = YES;
				CLANG_WARN_NON_LITERAL_NULL_CONVERSION = YES;
				CLANG_WARN_OBJC_IMPLICIT_RETAIN_SELF = YES;
				CLANG_WARN_OBJC_LITERAL_CONVERSION = YES;
				CLANG_WARN_OBJC_ROOT_CLASS = YES_ERROR;
				CLANG_WARN_QUOTED_INCLUDE_IN_FRAMEWORK_HEADER = YES;
				CLANG_WARN_RANGE_LOOP_ANALYSIS = YES;
				CLANG_WARN_STRICT_PROTOTYPES = YES;
				CLANG_WARN_SUSPICIOUS_MOVE = YES;
				CLANG_WARN_UNGUARDED_AVAILABILITY = YES_AGGRESSIVE;
				CLANG_WARN_UNREACHABLE_CODE = YES;
				CLANG_WARN__DUPLICATE_METHOD_MATCH = YES;
				COPY_PHASE_STRIP = NO;
				DEBUG_INFORMATION_FORMAT = dwarf;
				ENABLE_STRICT_OBJC_MSGSEND = YES;
				ENABLE_TESTABILITY = YES;
				GCC_C_LANGUAGE_STANDARD = gnu11;
				GCC_DYNAMIC_NO_PIC = NO;
				GCC_NO_COMMON_BLOCKS = YES;
				GCC_OPTIMIZATION_LEVEL = 0;
				GCC_PREPROCESSOR_DEFINITIONS = (
					"DEBUG=1",
					"$(inherited)",
				);
				GCC_WARN_64_TO_32_BIT_CONVERSION = YES;
				GCC_WARN_ABOUT_RETURN_TYPE = YES_ERROR;
				GCC_WARN_UNDECLARED_SELECTOR = YES;
				GCC_WARN_UNINITIALIZED_AUTOS = YES_AGGRESSIVE;
				GCC_WARN_UNUSED_FUNCTION = YES;
				GCC_WARN_UNUSED_VARIABLE = YES;
				MACOSX_DEPLOYMENT_TARGET = 11.1;
				MTL_ENABLE_DEBUG_INFO = INCLUDE_SOURCE;
				MTL_FAST_MATH = YES;
				ONLY_ACTIVE_ARCH = YES;
				SDKROOT = macosx;
			};
			name = Debug;
		};
		665E479A25C2D91B0018EED6 /* Release */ = {
			isa = XCBuildConfiguration;
			buildSettings = {
				ALWAYS_SEARCH_USER_PATHS = NO;
				CLANG_ANALYZER_NONNULL = YES;
				CLANG_ANALYZER_NUMBER_OBJECT_CONVERSION = YES_AGGRESSIVE;
				CLANG_CXX_LANGUAGE_STANDARD = "gnu++14";
				CLANG_CXX_LIBRARY = "libc++";
				CLANG_ENABLE_MODULES = YES;
				CLANG_ENABLE_OBJC_ARC = YES;
				CLANG_ENABLE_OBJC_WEAK = YES;
				CLANG_WARN_BLOCK_CAPTURE_AUTORELEASING = YES;
				CLANG_WARN_BOOL_CONVERSION = YES;
				CLANG_WARN_COMMA = YES;
				CLANG_WARN_CONSTANT_CONVERSION = YES;
				CLANG_WARN_DEPRECATED_OBJC_IMPLEMENTATIONS = YES;
				CLANG_WARN_DIRECT_OBJC_ISA_USAGE = YES_ERROR;
				CLANG_WARN_DOCUMENTATION_COMMENTS = YES;
				CLANG_WARN_EMPTY_BODY = YES;
				CLANG_WARN_ENUM_CONVERSION = YES;
				CLANG_WARN_INFINITE_RECURSION = YES;
				CLANG_WARN_INT_CONVERSION = YES;
				CLANG_WARN_NON_LITERAL_NULL_CONVERSION = YES;
				CLANG_WARN_OBJC_IMPLICIT_RETAIN_SELF = YES;
				CLANG_WARN_OBJC_LITERAL_CONVERSION = YES;
				CLANG_WARN_OBJC_ROOT_CLASS = YES_ERROR;
				CLANG_WARN_QUOTED_INCLUDE_IN_FRAMEWORK_HEADER = YES;
				CLANG_WARN_RANGE_LOOP_ANALYSIS = YES;
				CLANG_WARN_STRICT_PROTOTYPES = YES;
				CLANG_WARN_SUSPICIOUS_MOVE = YES;
				CLANG_WARN_UNGUARDED_AVAILABILITY = YES_AGGRESSIVE;
				CLANG_WARN_UNREACHABLE_CODE = YES;
				CLANG_WARN__DUPLICATE_METHOD_MATCH = YES;
				COPY_PHASE_STRIP = NO;
				DEBUG_INFORMATION_FORMAT = "dwarf-with-dsym";
				ENABLE_NS_ASSERTIONS = NO;
				ENABLE_STRICT_OBJC_MSGSEND = YES;
				GCC_C_LANGUAGE_STANDARD = gnu11;
				GCC_NO_COMMON_BLOCKS = YES;
				GCC_WARN_64_TO_32_BIT_CONVERSION = YES;
				GCC_WARN_ABOUT_RETURN_TYPE = YES_ERROR;
				GCC_WARN_UNDECLARED_SELECTOR = YES;
				GCC_WARN_UNINITIALIZED_AUTOS = YES_AGGRESSIVE;
				GCC_WARN_UNUSED_FUNCTION = YES;
				GCC_WARN_UNUSED_VARIABLE = YES;
				MACOSX_DEPLOYMENT_TARGET = 11.1;
				MTL_ENABLE_DEBUG_INFO = NO;
				MTL_FAST_MATH = YES;
				SDKROOT = macosx;
			};
			name = Release;
		};
		665E479C25C2D91B0018EED6 /* Debug */ = {
			isa = XCBuildConfiguration;
			buildSettings = {
				CODE_SIGN_IDENTITY = "-";
				CODE_SIGN_STYLE = Automatic;
				PRODUCT_NAME = "$(TARGET_NAME)";
			};
			name = Debug;
		};
		665E479D25C2D91B0018EED6 /* Release */ = {
			isa = XCBuildConfiguration;
			buildSettings = {
				CODE_SIGN_IDENTITY = "-";
				CODE_SIGN_STYLE = Automatic;
				PRODUCT_NAME = "$(TARGET_NAME)";
			};
			name = Release;
		};
/* End XCBuildConfiguration section */

/* Begin XCConfigurationList section */
		665E478F25C2D91B0018EED6 /* Build configuration list for PBXProject "Prova d’Esame 2A di Giovedì 23 Gennaio 2020" */ = {
			isa = XCConfigurationList;
			buildConfigurations = (
				665E479925C2D91B0018EED6 /* Debug */,
				665E479A25C2D91B0018EED6 /* Release */,
			);
			defaultConfigurationIsVisible = 0;
			defaultConfigurationName = Release;
		};
		665E479B25C2D91B0018EED6 /* Build configuration list for PBXNativeTarget "Prova d’Esame 2A di Giovedì 23 Gennaio 2020" */ = {
			isa = XCConfigurationList;
			buildConfigurations = (
				665E479C25C2D91B0018EED6 /* Debug */,
				665E479D25C2D91B0018EED6 /* Release */,
			);
			defaultConfigurationIsVisible = 0;
			defaultConfigurationName = Release;
		};
/* End XCConfigurationList section */
	};
	rootObject = 665E478C25C2D91B0018EED6 /* Project object */;
}
